
Microsoft Visual Studio Solution File, Format Version 12.00
# Visual Studio Version 16
VisualStudioVersion = 16.0.30114.105
MinimumVisualStudioVersion = 10.0.40219.1
Project("{2150E333-8FDC-42A3-9474-1A3956D46DE8}") = "02-Servicos", "02-Servicos", "{8D123E1F-3264-4FA6-BA28-330C8C85005D}"
EndProject
Project("{FAE04EC0-301F-11D3-BF4B-00C04F79EFBC}") = "Restaurante.Servicos.Api", "02-Servicos\Restaurante.Servicos.Api\Restaurante.Servicos.Api.csproj", "{EFBE5F42-B310-48D7-9A26-A6C80D168ABD}"
EndProject
Project("{2150E333-8FDC-42A3-9474-1A3956D46DE8}") = "03-Aplicacao", "03-Aplicacao", "{A394228F-5FD4-4C22-81DF-AE74FEB862E3}"
EndProject
Project("{FAE04EC0-301F-11D3-BF4B-00C04F79EFBC}") = "Restaurante.Aplicacao", "03-Aplicacao\Restaurante.Aplicacao\Restaurante.Aplicacao.csproj", "{C45A0998-D37B-4F04-9119-68E20013CC02}"
EndProject
Project("{2150E333-8FDC-42A3-9474-1A3956D46DE8}") = "04-Dominio", "04-Dominio", "{891E2E5A-EF00-4714-86B1-1E27CD8467CE}"
EndProject
Project("{FAE04EC0-301F-11D3-BF4B-00C04F79EFBC}") = "Restaurante.Dominio", "04-Dominio\Restaurante.Dominio\Restaurante.Dominio.csproj", "{C93E7DAC-B42E-4944-935C-D32F644F1182}"
EndProject
Project("{2150E333-8FDC-42A3-9474-1A3956D46DE8}") = "05-Infra", "05-Infra", "{FDBE9D7A-F43D-470E-A6C4-BFD538ADE567}"
EndProject
Project("{FAE04EC0-301F-11D3-BF4B-00C04F79EFBC}") = "Restaurante.Data", "05-Infra\Restaurante.Data\Restaurante.Data.csproj", "{409A2A0F-881D-4811-BB45-7F278E4FD031}"
EndProject
Project("{FAE04EC0-301F-11D3-BF4B-00C04F79EFBC}") = "Restaurante.IoC", "05-Infra\Restaurante.IoC\Restaurante.IoC.csproj", "{207871D8-E809-47D7-B2CB-F7D514080A0A}"
EndProject
Global
	GlobalSection(SolutionConfigurationPlatforms) = preSolution
		Debug|Any CPU = Debug|Any CPU
		Release|Any CPU = Release|Any CPU
	EndGlobalSection
	GlobalSection(SolutionProperties) = preSolution
		HideSolutionNode = FALSE
	EndGlobalSection
	GlobalSection(ProjectConfigurationPlatforms) = postSolution
		{EFBE5F42-B310-48D7-9A26-A6C80D168ABD}.Debug|Any CPU.ActiveCfg = Debug|Any CPU
		{EFBE5F42-B310-48D7-9A26-A6C80D168ABD}.Debug|Any CPU.Build.0 = Debug|Any CPU
		{EFBE5F42-B310-48D7-9A26-A6C80D168ABD}.Release|Any CPU.ActiveCfg = Release|Any CPU
		{EFBE5F42-B310-48D7-9A26-A6C80D168ABD}.Release|Any CPU.Build.0 = Release|Any CPU
		{C45A0998-D37B-4F04-9119-68E20013CC02}.Debug|Any CPU.ActiveCfg = Debug|Any CPU
		{C45A0998-D37B-4F04-9119-68E20013CC02}.Debug|Any CPU.Build.0 = Debug|Any CPU
		{C45A0998-D37B-4F04-9119-68E20013CC02}.Release|Any CPU.ActiveCfg = Release|Any CPU
		{C45A0998-D37B-4F04-9119-68E20013CC02}.Release|Any CPU.Build.0 = Release|Any CPU
		{C93E7DAC-B42E-4944-935C-D32F644F1182}.Debug|Any CPU.ActiveCfg = Debug|Any CPU
		{C93E7DAC-B42E-4944-935C-D32F644F1182}.Debug|Any CPU.Build.0 = Debug|Any CPU
		{C93E7DAC-B42E-4944-935C-D32F644F1182}.Release|Any CPU.ActiveCfg = Release|Any CPU
		{C93E7DAC-B42E-4944-935C-D32F644F1182}.Release|Any CPU.Build.0 = Release|Any CPU
		{409A2A0F-881D-4811-BB45-7F278E4FD031}.Debug|Any CPU.ActiveCfg = Debug|Any CPU
		{409A2A0F-881D-4811-BB45-7F278E4FD031}.Debug|Any CPU.Build.0 = Debug|Any CPU
		{409A2A0F-881D-4811-BB45-7F278E4FD031}.Release|Any CPU.ActiveCfg = Release|Any CPU
		{409A2A0F-881D-4811-BB45-7F278E4FD031}.Release|Any CPU.Build.0 = Release|Any CPU
		{207871D8-E809-47D7-B2CB-F7D514080A0A}.Debug|Any CPU.ActiveCfg = Debug|Any CPU
		{207871D8-E809-47D7-B2CB-F7D514080A0A}.Debug|Any CPU.Build.0 = Debug|Any CPU
		{207871D8-E809-47D7-B2CB-F7D514080A0A}.Release|Any CPU.ActiveCfg = Release|Any CPU
		{207871D8-E809-47D7-B2CB-F7D514080A0A}.Release|Any CPU.Build.0 = Release|Any CPU
	EndGlobalSection
	GlobalSection(NestedProjects) = preSolution
		{EFBE5F42-B310-48D7-9A26-A6C80D168ABD} = {8D123E1F-3264-4FA6-BA28-330C8C85005D}
		{C45A0998-D37B-4F04-9119-68E20013CC02} = {A394228F-5FD4-4C22-81DF-AE74FEB862E3}
		{C93E7DAC-B42E-4944-935C-D32F644F1182} = {891E2E5A-EF00-4714-86B1-1E27CD8467CE}
		{409A2A0F-881D-4811-BB45-7F278E4FD031} = {FDBE9D7A-F43D-470E-A6C4-BFD538ADE567}
		{207871D8-E809-47D7-B2CB-F7D514080A0A} = {FDBE9D7A-F43D-470E-A6C4-BFD538ADE567}
	EndGlobalSection
EndGlobal
